
Microsoft Visual Studio Solution File, Format Version 12.00
# Visual Studio 15
VisualStudioVersion = 15.0.28010.0
MinimumVisualStudioVersion = 10.0.40219.1
Project("{FAE04EC0-301F-11D3-BF4B-00C04F79EFBC}") = "HomeworkSystemIO", "HomeworkSystemIO\HomeworkSystemIO.csproj", "{BAB146B0-578D-4B7E-A2D8-0FA5021D673C}"
EndProject
Global
	GlobalSection(SolutionConfigurationPlatforms) = preSolution
		Debug|Any CPU = Debug|Any CPU
		Release|Any CPU = Release|Any CPU
	EndGlobalSection
	GlobalSection(ProjectConfigurationPlatforms) = postSolution
		{BAB146B0-578D-4B7E-A2D8-0FA5021D673C}.Debug|Any CPU.ActiveCfg = Debug|Any CPU
		{BAB146B0-578D-4B7E-A2D8-0FA5021D673C}.Debug|Any CPU.Build.0 = Debug|Any CPU
		{BAB146B0-578D-4B7E-A2D8-0FA5021D673C}.Release|Any CPU.ActiveCfg = Release|Any CPU
		{BAB146B0-578D-4B7E-A2D8-0FA5021D673C}.Release|Any CPU.Build.0 = Release|Any CPU
	EndGlobalSection
	GlobalSection(SolutionProperties) = preSolution
		HideSolutionNode = FALSE
	EndGlobalSection
	GlobalSection(ExtensibilityGlobals) = postSolution
		SolutionGuid = {01F7C125-4348-4881-913E-97EE80A21708}
	EndGlobalSection
EndGlobal
